
Microsoft Visual Studio Solution File, Format Version 12.00
# Visual Studio 15
VisualStudioVersion = 15.0.26730.16
MinimumVisualStudioVersion = 10.0.40219.1
Project("{8BC9CEB8-8B4A-11D0-8D11-00A0C91BC942}") = "Space Invaders", "Space Invaders\Space Invaders.vcxproj", "{217B8D6C-8D32-4FD5-B259-3448B26985CB}"
EndProject
Global
	GlobalSection(SolutionConfigurationPlatforms) = preSolution
		Debug|x64 = Debug|x64
		Debug|x86 = Debug|x86
		Release|x64 = Release|x64
		Release|x86 = Release|x86
	EndGlobalSection
	GlobalSection(ProjectConfigurationPlatforms) = postSolution
		{217B8D6C-8D32-4FD5-B259-3448B26985CB}.Debug|x64.ActiveCfg = Debug|x64
		{217B8D6C-8D32-4FD5-B259-3448B26985CB}.Debug|x64.Build.0 = Debug|x64
		{217B8D6C-8D32-4FD5-B259-3448B26985CB}.Debug|x86.ActiveCfg = Debug|Win32
		{217B8D6C-8D32-4FD5-B259-3448B26985CB}.Debug|x86.Build.0 = Debug|Win32
		{217B8D6C-8D32-4FD5-B259-3448B26985CB}.Release|x64.ActiveCfg = Release|x64
		{217B8D6C-8D32-4FD5-B259-3448B26985CB}.Release|x64.Build.0 = Release|x64
		{217B8D6C-8D32-4FD5-B259-3448B26985CB}.Release|x86.ActiveCfg = Release|Win32
		{217B8D6C-8D32-4FD5-B259-3448B26985CB}.Release|x86.Build.0 = Release|Win32
	EndGlobalSection
	GlobalSection(SolutionProperties) = preSolution
		HideSolutionNode = FALSE
	EndGlobalSection
	GlobalSection(ExtensibilityGlobals) = postSolution
		SolutionGuid = {95FE1360-774D-4265-801E-CD3D0A923C5D}
	EndGlobalSection
EndGlobal
